
Microsoft Visual Studio Solution File, Format Version 12.00
# Visual Studio 15
VisualStudioVersion = 15.0.26730.12
MinimumVisualStudioVersion = 10.0.40219.1
Project("{FAE04EC0-301F-11D3-BF4B-00C04F79EFBC}") = "GitPwdCatcher", "GitPwdCatcher\GitPwdCatcher.csproj", "{3A78010C-6D3C-4A41-930C-32529B625943}"
EndProject
Global
	GlobalSection(SolutionConfigurationPlatforms) = preSolution
		Debug|Any CPU = Debug|Any CPU
		Release|Any CPU = Release|Any CPU
	EndGlobalSection
	GlobalSection(ProjectConfigurationPlatforms) = postSolution
		{3A78010C-6D3C-4A41-930C-32529B625943}.Debug|Any CPU.ActiveCfg = Debug|Any CPU
		{3A78010C-6D3C-4A41-930C-32529B625943}.Debug|Any CPU.Build.0 = Debug|Any CPU
		{3A78010C-6D3C-4A41-930C-32529B625943}.Release|Any CPU.ActiveCfg = Release|Any CPU
		{3A78010C-6D3C-4A41-930C-32529B625943}.Release|Any CPU.Build.0 = Release|Any CPU
	EndGlobalSection
	GlobalSection(SolutionProperties) = preSolution
		HideSolutionNode = FALSE
	EndGlobalSection
	GlobalSection(ExtensibilityGlobals) = postSolution
		SolutionGuid = {2C3C5E46-D910-465D-BAB1-DD84D16D21BB}
	EndGlobalSection
EndGlobal
